{
  "name": "viewshade_calculation",
  "version": "1.0.0",
  "lockfileVersion": 3,
  "requires": true,
  "packages": {
    "": {
      "name": "viewshade_calculation",
      "version": "1.0.0",
      "license": "ISC",
      "dependencies": {
        "@turf/helpers": "^6.5.0",
        "@turf/sector": "^6.5.0",
        "geojson2shp": "^0.5.0"
      }
    },
    "node_modules/@turf/circle": {
      "version": "6.5.0",
      "resolved": "https://registry.npmjs.org/@turf/circle/-/circle-6.5.0.tgz",
      "integrity": "sha512-oU1+Kq9DgRnoSbWFHKnnUdTmtcRUMmHoV9DjTXu9vOLNV5OWtAAh1VZ+mzsioGGzoDNT/V5igbFOkMfBQc0B6A==",
      "dependencies": {
        "@turf/destination": "^6.5.0",
        "@turf/helpers": "^6.5.0"
      },
      "funding": {
        "url": "https://opencollective.com/turf"
      }
    },
    "node_modules/@turf/destination": {
      "version": "6.5.0",
      "resolved": "https://registry.npmjs.org/@turf/destination/-/destination-6.5.0.tgz",
      "integrity": "sha512-4cnWQlNC8d1tItOz9B4pmJdWpXqS0vEvv65bI/Pj/genJnsL7evI0/Xw42RvEGROS481MPiU80xzvwxEvhQiMQ==",
      "dependencies": {
        "@turf/helpers": "^6.5.0",
        "@turf/invariant": "^6.5.0"
      },
      "funding": {
        "url": "https://opencollective.com/turf"
      }
    },
    "node_modules/@turf/helpers": {
      "version": "6.5.0",
      "resolved": "https://registry.npmjs.org/@turf/helpers/-/helpers-6.5.0.tgz",
      "integrity": "sha512-VbI1dV5bLFzohYYdgqwikdMVpe7pJ9X3E+dlr425wa2/sMJqYDhTO++ec38/pcPvPE6oD9WEEeU3Xu3gza+VPw==",
      "funding": {
        "url": "https://opencollective.com/turf"
      }
    },
    "node_modules/@turf/invariant": {
      "version": "6.5.0",
      "resolved": "https://registry.npmjs.org/@turf/invariant/-/invariant-6.5.0.tgz",
      "integrity": "sha512-Wv8PRNCtPD31UVbdJE/KVAWKe7l6US+lJItRR/HOEW3eh+U/JwRCSUl/KZ7bmjM/C+zLNoreM2TU6OoLACs4eg==",
      "dependencies": {
        "@turf/helpers": "^6.5.0"
      },
      "funding": {
        "url": "https://opencollective.com/turf"
      }
    },
    "node_modules/@turf/line-arc": {
      "version": "6.5.0",
      "resolved": "https://registry.npmjs.org/@turf/line-arc/-/line-arc-6.5.0.tgz",
      "integrity": "sha512-I6c+V6mIyEwbtg9P9zSFF89T7QPe1DPTG3MJJ6Cm1MrAY0MdejwQKOpsvNl8LDU2ekHOlz2kHpPVR7VJsoMllA==",
      "dependencies": {
        "@turf/circle": "^6.5.0",
        "@turf/destination": "^6.5.0",
        "@turf/helpers": "^6.5.0"
      },
      "funding": {
        "url": "https://opencollective.com/turf"
      }
    },
    "node_modules/@turf/meta": {
      "version": "6.5.0",
      "resolved": "https://registry.npmjs.org/@turf/meta/-/meta-6.5.0.tgz",
      "integrity": "sha512-RrArvtsV0vdsCBegoBtOalgdSOfkBrTJ07VkpiCnq/491W67hnMWmDu7e6Ztw0C3WldRYTXkg3SumfdzZxLBHA==",
      "dependencies": {
        "@turf/helpers": "^6.5.0"
      },
      "funding": {
        "url": "https://opencollective.com/turf"
      }
    },
    "node_modules/@turf/sector": {
      "version": "6.5.0",
      "resolved": "https://registry.npmjs.org/@turf/sector/-/sector-6.5.0.tgz",
      "integrity": "sha512-cYUOkgCTWqa23SOJBqxoFAc/yGCUsPRdn/ovbRTn1zNTm/Spmk6hVB84LCKOgHqvSF25i0d2kWqpZDzLDdAPbw==",
      "dependencies": {
        "@turf/circle": "^6.5.0",
        "@turf/helpers": "^6.5.0",
        "@turf/invariant": "^6.5.0",
        "@turf/line-arc": "^6.5.0",
        "@turf/meta": "^6.5.0"
      },
      "funding": {
        "url": "https://opencollective.com/turf"
      }
    },
    "node_modules/buffer-crc32": {
      "version": "0.2.13",
      "resolved": "https://registry.npmjs.org/buffer-crc32/-/buffer-crc32-0.2.13.tgz",
      "integrity": "sha512-VO9Ht/+p3SN7SKWqcrgEzjGbRSJYTx+Q1pTQC0wrWqHx0vpJraQ6GtHx8tvcg1rlK1byhU5gccxgOgj7B0TDkQ==",
      "engines": {
        "node": "*"
      }
    },
    "node_modules/buffer-from": {
      "version": "1.1.2",
      "resolved": "https://registry.npmjs.org/buffer-from/-/buffer-from-1.1.2.tgz",
      "integrity": "sha512-E+XQCRwSbaaiChtv6k6Dwgc+bx+Bs6vuKJHHl5kox/BaKbhiXzqQOwK4cO22yElGp2OCmjwVhT3HmxgyPGnJfQ=="
    },
    "node_modules/concat-stream": {
      "version": "2.0.0",
      "resolved": "https://registry.npmjs.org/concat-stream/-/concat-stream-2.0.0.tgz",
      "integrity": "sha512-MWufYdFw53ccGjCA+Ol7XJYpAlW6/prSMzuPOTRnJGcGzuhLn4Scrz7qf6o8bROZ514ltazcIFJZevcfbo0x7A==",
      "engines": [
        "node >= 6.0"
      ],
      "dependencies": {
        "buffer-from": "^1.0.0",
        "inherits": "^2.0.3",
        "readable-stream": "^3.0.2",
        "typedarray": "^0.0.6"
      }
    },
    "node_modules/concat-stream/node_modules/readable-stream": {
      "version": "3.6.2",
      "resolved": "https://registry.npmjs.org/readable-stream/-/readable-stream-3.6.2.tgz",
      "integrity": "sha512-9u/sniCrY3D5WdsERHzHE4G2YCXqoG5FTHUiCC4SIbr6XcLZBY05ya9EKjYek9O5xOAwjGq+1JdGBAS7Q9ScoA==",
      "dependencies": {
        "inherits": "^2.0.3",
        "string_decoder": "^1.1.1",
        "util-deprecate": "^1.0.1"
      },
      "engines": {
        "node": ">= 6"
      }
    },
    "node_modules/duplexer": {
      "version": "0.1.2",
      "resolved": "https://registry.npmjs.org/duplexer/-/duplexer-0.1.2.tgz",
      "integrity": "sha512-jtD6YG370ZCIi/9GTaJKQxWTZD045+4R4hTk/x1UyoqadyJ9x9CgSi1RlVDQF8U2sxLLSnFkCaMihqljHIWgMg=="
    },
    "node_modules/duplexify": {
      "version": "4.1.2",
      "resolved": "https://registry.npmjs.org/duplexify/-/duplexify-4.1.2.tgz",
      "integrity": "sha512-fz3OjcNCHmRP12MJoZMPglx8m4rrFP8rovnk4vT8Fs+aonZoCwGg10dSsQsfP/E62eZcPTMSMP6686fu9Qlqtw==",
      "dependencies": {
        "end-of-stream": "^1.4.1",
        "inherits": "^2.0.3",
        "readable-stream": "^3.1.1",
        "stream-shift": "^1.0.0"
      }
    },
    "node_modules/duplexify/node_modules/readable-stream": {
      "version": "3.6.2",
      "resolved": "https://registry.npmjs.org/readable-stream/-/readable-stream-3.6.2.tgz",
      "integrity": "sha512-9u/sniCrY3D5WdsERHzHE4G2YCXqoG5FTHUiCC4SIbr6XcLZBY05ya9EKjYek9O5xOAwjGq+1JdGBAS7Q9ScoA==",
      "dependencies": {
        "inherits": "^2.0.3",
        "string_decoder": "^1.1.1",
        "util-deprecate": "^1.0.1"
      },
      "engines": {
        "node": ">= 6"
      }
    },
    "node_modules/end-of-stream": {
      "version": "1.4.4",
      "resolved": "https://registry.npmjs.org/end-of-stream/-/end-of-stream-1.4.4.tgz",
      "integrity": "sha512-+uw1inIHVPQoaVuHzRyXd21icM+cnt4CzD5rW+NC1wjOUSTOs+Te7FOv7AhN7vS9x/oIyhLP5PR1H+phQAHu5Q==",
      "dependencies": {
        "once": "^1.4.0"
      }
    },
    "node_modules/epsg-index": {
      "version": "1.3.0",
      "resolved": "https://registry.npmjs.org/epsg-index/-/epsg-index-1.3.0.tgz",
      "integrity": "sha512-pWJ7lkMbH0Au+MJyBV4GxiX+KmOknPc6c5FqDAYD61Ju3LblR60VGmOlteBhK9Dm3oy++Jxa2kUimONeSvsKRA==",
      "engines": {
        "node": ">=8"
      }
    },
    "node_modules/event-stream": {
      "version": "4.0.1",
      "resolved": "https://registry.npmjs.org/event-stream/-/event-stream-4.0.1.tgz",
      "integrity": "sha512-qACXdu/9VHPBzcyhdOWR5/IahhGMf0roTeZJfzz077GwylcDd90yOHLouhmv7GJ5XzPi6ekaQWd8AvPP2nOvpA==",
      "dependencies": {
        "duplexer": "^0.1.1",
        "from": "^0.1.7",
        "map-stream": "0.0.7",
        "pause-stream": "^0.0.11",
        "split": "^1.0.1",
        "stream-combiner": "^0.2.2",
        "through": "^2.3.8"
      }
    },
    "node_modules/from": {
      "version": "0.1.7",
      "resolved": "https://registry.npmjs.org/from/-/from-0.1.7.tgz",
      "integrity": "sha512-twe20eF1OxVxp/ML/kq2p1uc6KvFK/+vs8WjEbeKmV2He22MKm7YF2ANIt+EOqhJ5L3K/SuuPhk0hWQDjOM23g=="
    },
    "node_modules/geojson-stream": {
      "version": "0.1.0",
      "resolved": "https://registry.npmjs.org/geojson-stream/-/geojson-stream-0.1.0.tgz",
      "integrity": "sha512-svSg5fFXPaTiqzEBGXScA+nISaeC9rLvku2PH+wM5LToATUw2bLIrvls43ymnT9Xnp51nBPVyK9m4Af40KpJ7w==",
      "dependencies": {
        "JSONStream": "^1.0.0",
        "through": "^2.3.4"
      }
    },
    "node_modules/geojson2shp": {
      "version": "0.5.0",
      "resolved": "https://registry.npmjs.org/geojson2shp/-/geojson2shp-0.5.0.tgz",
      "integrity": "sha512-EhJTrX8bezsvOR/RR2BpYNGO69meVSoKx7vCUzXHSMf4GfCnACU/9Eblr5DGaNQUhy7olGPqMeBE1HBk1oXjfQ==",
      "dependencies": {
        "epsg-index": "^1.2.0",
        "geojson-stream": "^0.1.0",
        "gunzip-stream": "^1.0.1",
        "is-stream": "^2.0.1",
        "pump": "^3.0.0",
        "pumpify": "^2.0.1",
        "reproject": "^1.2.6",
        "yazl": "^2.5.1"
      },
      "bin": {
        "geojson2shp": "cli.js"
      },
      "engines": {
        "node": ">= 12"
      }
    },
    "node_modules/gunzip-stream": {
      "version": "1.0.1",
      "resolved": "https://registry.npmjs.org/gunzip-stream/-/gunzip-stream-1.0.1.tgz",
      "integrity": "sha512-Hkz9Vd0pAf5JqjpGmNX3R9ZYzxLfFyuaq2f5X867Ki0gcZeryI+njWzZlm6UdbFUvQePgXWPHdweSpV9D7UR4Q==",
      "dependencies": {
        "is-gzip": "^2.0.0"
      },
      "engines": {
        "node": ">= 6"
      }
    },
    "node_modules/inherits": {
      "version": "2.0.4",
      "resolved": "https://registry.npmjs.org/inherits/-/inherits-2.0.4.tgz",
      "integrity": "sha512-k/vGaX4/Yla3WzyMCvTQOXYeIHvqOKtnqBduzTHpzpQZzAskKMhZ2K+EnBiSM9zGSoIFeMpXKxa4dYeZIQqewQ=="
    },
    "node_modules/is-gzip": {
      "version": "2.0.0",
      "resolved": "https://registry.npmjs.org/is-gzip/-/is-gzip-2.0.0.tgz",
      "integrity": "sha512-jtO4Njg6q58zDo/Pu4027beSZ0VdsZlt8/5Moco6yAg+DIxb5BK/xUYqYG2+MD4+piKldXJNHxRkhEYI2fvrxA==",
      "engines": {
        "node": ">=4"
      }
    },
    "node_modules/is-stream": {
      "version": "2.0.1",
      "resolved": "https://registry.npmjs.org/is-stream/-/is-stream-2.0.1.tgz",
      "integrity": "sha512-hFoiJiTl63nn+kstHGBtewWSKnQLpyb155KHheA1l39uvtO9nWIop1p3udqPcUd/xbF1VLMO4n7OI6p7RbngDg==",
      "engines": {
        "node": ">=8"
      },
      "funding": {
        "url": "https://github.com/sponsors/sindresorhus"
      }
    },
    "node_modules/jsonparse": {
      "version": "1.3.1",
      "resolved": "https://registry.npmjs.org/jsonparse/-/jsonparse-1.3.1.tgz",
      "integrity": "sha512-POQXvpdL69+CluYsillJ7SUhKvytYjW9vG/GKpnf+xP8UWgYEM/RaMzHHofbALDiKbbP1W8UEYmgGl39WkPZsg==",
      "engines": [
        "node >= 0.2.0"
      ]
    },
    "node_modules/JSONStream": {
      "version": "1.3.5",
      "resolved": "https://registry.npmjs.org/JSONStream/-/JSONStream-1.3.5.tgz",
      "integrity": "sha512-E+iruNOY8VV9s4JEbe1aNEm6MiszPRr/UfcHMz0TQh1BXSxHK+ASV1R6W4HpjBhSeS+54PIsAMCBmwD06LLsqQ==",
      "dependencies": {
        "jsonparse": "^1.2.0",
        "through": ">=2.2.7 <3"
      },
      "bin": {
        "JSONStream": "bin.js"
      },
      "engines": {
        "node": "*"
      }
    },
    "node_modules/map-stream": {
      "version": "0.0.7",
      "resolved": "https://registry.npmjs.org/map-stream/-/map-stream-0.0.7.tgz",
      "integrity": "sha512-C0X0KQmGm3N2ftbTGBhSyuydQ+vV1LC3f3zPvT3RXHXNZrvfPZcoXp/N5DOa8vedX/rTMm2CjTtivFg2STJMRQ=="
    },
    "node_modules/mgrs": {
      "version": "1.0.0",
      "resolved": "https://registry.npmjs.org/mgrs/-/mgrs-1.0.0.tgz",
      "integrity": "sha512-awNbTOqCxK1DBGjalK3xqWIstBZgN6fxsMSiXLs9/spqWkF2pAhb2rrYCFSsr1/tT7PhcDGjZndG8SWYn0byYA=="
    },
    "node_modules/minimist": {
      "version": "1.2.8",
      "resolved": "https://registry.npmjs.org/minimist/-/minimist-1.2.8.tgz",
      "integrity": "sha512-2yyAR8qBkN3YuheJanUpWC5U3bb5osDywNB8RzDVlDwDHbocAJveqqj1u8+SVD7jkWT4yvsHCpWqqWqAxb0zCA==",
      "funding": {
        "url": "https://github.com/sponsors/ljharb"
      }
    },
    "node_modules/once": {
      "version": "1.4.0",
      "resolved": "https://registry.npmjs.org/once/-/once-1.4.0.tgz",
      "integrity": "sha512-lNaJgI+2Q5URQBkccEKHTQOPaXdUxnZZElQTZY0MFUAuaEqe1E+Nyvgdz/aIyNi6Z9MzO5dv1H8n58/GELp3+w==",
      "dependencies": {
        "wrappy": "1"
      }
    },
    "node_modules/pause-stream": {
      "version": "0.0.11",
      "resolved": "https://registry.npmjs.org/pause-stream/-/pause-stream-0.0.11.tgz",
      "integrity": "sha512-e3FBlXLmN/D1S+zHzanP4E/4Z60oFAa3O051qt1pxa7DEJWKAyil6upYVXCWadEnuoqa4Pkc9oUx9zsxYeRv8A==",
      "dependencies": {
        "through": "~2.3"
      }
    },
    "node_modules/proj4": {
      "version": "2.9.1",
      "resolved": "https://registry.npmjs.org/proj4/-/proj4-2.9.1.tgz",
      "integrity": "sha512-hhquvYHnqz8nf8U9CODRLGSL7bUg4p5oVkZI4oWxX7whNcSbn2xdNA1WnF1jye+ezrtuSiPVao9LEHlKeQA5uA==",
      "dependencies": {
        "mgrs": "1.0.0",
        "wkt-parser": "^1.3.3"
      }
    },
    "node_modules/pump": {
      "version": "3.0.0",
      "resolved": "https://registry.npmjs.org/pump/-/pump-3.0.0.tgz",
      "integrity": "sha512-LwZy+p3SFs1Pytd/jYct4wpv49HiYCqd9Rlc5ZVdk0V+8Yzv6jR5Blk3TRmPL1ft69TxP0IMZGJ+WPFU2BFhww==",
      "dependencies": {
        "end-of-stream": "^1.1.0",
        "once": "^1.3.1"
      }
    },
    "node_modules/pumpify": {
      "version": "2.0.1",
      "resolved": "https://registry.npmjs.org/pumpify/-/pumpify-2.0.1.tgz",
      "integrity": "sha512-m7KOje7jZxrmutanlkS1daj1dS6z6BgslzOXmcSEpIlCxM3VJH7lG5QLeck/6hgF6F4crFf01UtQmNsJfweTAw==",
      "dependencies": {
        "duplexify": "^4.1.1",
        "inherits": "^2.0.3",
        "pump": "^3.0.0"
      }
    },
    "node_modules/reproject": {
      "version": "1.2.7",
      "resolved": "https://registry.npmjs.org/reproject/-/reproject-1.2.7.tgz",
      "integrity": "sha512-x3wGpoHBsXDa1iyZZA3Nn52iTgzfLLPBLvsj1j4v3Kwcy3if5IRgi/s/Ayy/qAIm6BsjCwnuojShpfYG+FBAjA==",
      "dependencies": {
        "concat-stream": "^2.0.0",
        "event-stream": "^4.0.0",
        "geojson-stream": "0.1.0",
        "minimist": "^1.2.5",
        "proj4": "^2.6.2"
      },
      "bin": {
        "reproject": "cli.js"
      }
    },
    "node_modules/safe-buffer": {
      "version": "5.1.2",
      "resolved": "https://registry.npmjs.org/safe-buffer/-/safe-buffer-5.1.2.tgz",
      "integrity": "sha512-Gd2UZBJDkXlY7GbJxfsE8/nvKkUEU1G38c1siN6QP6a9PT9MmHB8GnpscSmMJSoF8LOIrt8ud/wPtojys4G6+g=="
    },
    "node_modules/split": {
      "version": "1.0.1",
      "resolved": "https://registry.npmjs.org/split/-/split-1.0.1.tgz",
      "integrity": "sha512-mTyOoPbrivtXnwnIxZRFYRrPNtEFKlpB2fvjSnCQUiAA6qAZzqwna5envK4uk6OIeP17CsdF3rSBGYVBsU0Tkg==",
      "dependencies": {
        "through": "2"
      },
      "engines": {
        "node": "*"
      }
    },
    "node_modules/stream-combiner": {
      "version": "0.2.2",
      "resolved": "https://registry.npmjs.org/stream-combiner/-/stream-combiner-0.2.2.tgz",
      "integrity": "sha512-6yHMqgLYDzQDcAkL+tjJDC5nSNuNIx0vZtRZeiPh7Saef7VHX9H5Ijn9l2VIol2zaNYlYEX6KyuT/237A58qEQ==",
      "dependencies": {
        "duplexer": "~0.1.1",
        "through": "~2.3.4"
      }
    },
    "node_modules/stream-shift": {
      "version": "1.0.1",
      "resolved": "https://registry.npmjs.org/stream-shift/-/stream-shift-1.0.1.tgz",
      "integrity": "sha512-AiisoFqQ0vbGcZgQPY1cdP2I76glaVA/RauYR4G4thNFgkTqr90yXTo4LYX60Jl+sIlPNHHdGSwo01AvbKUSVQ=="
    },
    "node_modules/string_decoder": {
      "version": "1.1.1",
      "resolved": "https://registry.npmjs.org/string_decoder/-/string_decoder-1.1.1.tgz",
      "integrity": "sha512-n/ShnvDi6FHbbVfviro+WojiFzv+s8MPMHBczVePfUpDJLwoLT0ht1l4YwBCbi8pJAveEEdnkHyPyTP/mzRfwg==",
      "dependencies": {
        "safe-buffer": "~5.1.0"
      }
    },
    "node_modules/through": {
      "version": "2.3.8",
      "resolved": "https://registry.npmjs.org/through/-/through-2.3.8.tgz",
      "integrity": "sha512-w89qg7PI8wAdvX60bMDP+bFoD5Dvhm9oLheFp5O4a2QF0cSBGsBX4qZmadPMvVqlLJBBci+WqGGOAPvcDeNSVg=="
    },
    "node_modules/typedarray": {
      "version": "0.0.6",
      "resolved": "https://registry.npmjs.org/typedarray/-/typedarray-0.0.6.tgz",
      "integrity": "sha512-/aCDEGatGvZ2BIk+HmLf4ifCJFwvKFNb9/JeZPMulfgFracn9QFcAf5GO8B/mweUjSoblS5In0cWhqpfs/5PQA=="
    },
    "node_modules/util-deprecate": {
      "version": "1.0.2",
      "resolved": "https://registry.npmjs.org/util-deprecate/-/util-deprecate-1.0.2.tgz",
      "integrity": "sha512-EPD5q1uXyFxJpCrLnCc1nHnq3gOa6DZBocAIiI2TaSCA7VCJ1UJDMagCzIkXNsUYfD1daK//LTEQ8xiIbrHtcw=="
    },
    "node_modules/wkt-parser": {
      "version": "1.3.3",
      "resolved": "https://registry.npmjs.org/wkt-parser/-/wkt-parser-1.3.3.tgz",
      "integrity": "sha512-ZnV3yH8/k58ZPACOXeiHaMuXIiaTk1t0hSUVisbO0t4RjA5wPpUytcxeyiN2h+LZRrmuHIh/1UlrR9e7DHDvTw=="
    },
    "node_modules/wrappy": {
      "version": "1.0.2",
      "resolved": "https://registry.npmjs.org/wrappy/-/wrappy-1.0.2.tgz",
      "integrity": "sha512-l4Sp/DRseor9wL6EvV2+TuQn63dMkPjZ/sp9XkghTEbV9KlPS1xUsZ3u7/IQO4wxtcFB4bgpQPRcR3QCvezPcQ=="
    },
    "node_modules/yazl": {
      "version": "2.5.1",
      "resolved": "https://registry.npmjs.org/yazl/-/yazl-2.5.1.tgz",
      "integrity": "sha512-phENi2PLiHnHb6QBVot+dJnaAZ0xosj7p3fWl+znIjBDlnMI2PsZCJZ306BPTFOaHf5qdDEI8x5qFrSOBN5vrw==",
      "dependencies": {
        "buffer-crc32": "~0.2.3"
      }
    }
  }
}
